
Microsoft Visual Studio Solution File, Format Version 12.00
# Visual Studio Version 16
VisualStudioVersion = 16.0.30503.244
MinimumVisualStudioVersion = 10.0.40219.1
Project("{9A19103F-16F7-4668-BE54-9A1E7A4F7556}") = "RomashkaBase", "RomashkaBase\RomashkaBase.csproj", "{3C774F74-B004-4A61-9BFE-5F52F7AEA90C}"
EndProject
Global
	GlobalSection(SolutionConfigurationPlatforms) = preSolution
		Debug|Any CPU = Debug|Any CPU
		Release|Any CPU = Release|Any CPU
	EndGlobalSection
	GlobalSection(ProjectConfigurationPlatforms) = postSolution
		{3C774F74-B004-4A61-9BFE-5F52F7AEA90C}.Debug|Any CPU.ActiveCfg = Debug|Any CPU
		{3C774F74-B004-4A61-9BFE-5F52F7AEA90C}.Debug|Any CPU.Build.0 = Debug|Any CPU
		{3C774F74-B004-4A61-9BFE-5F52F7AEA90C}.Release|Any CPU.ActiveCfg = Release|Any CPU
		{3C774F74-B004-4A61-9BFE-5F52F7AEA90C}.Release|Any CPU.Build.0 = Release|Any CPU
	EndGlobalSection
	GlobalSection(SolutionProperties) = preSolution
		HideSolutionNode = FALSE
	EndGlobalSection
	GlobalSection(ExtensibilityGlobals) = postSolution
		SolutionGuid = {2C71C4EA-A92A-4559-89E3-0D568DE1CDC0}
	EndGlobalSection
EndGlobal
